{
  "name": "live2d-widget-models",
  "version": "1.0.5",
  "lockfileVersion": 2,
  "requires": true,
  "packages": {
    "": {
      "name": "live2d-widget-models",
      "version": "1.0.5",
      "license": "GPL-2.0",
      "dependencies": {
        "live2d-widget": "latest",
        "live2d-widget-model-chitose": "latest",
        "live2d-widget-model-epsilon2_1": "latest",
        "live2d-widget-model-gf": "latest",
        "live2d-widget-model-haru": "latest",
        "live2d-widget-model-haruto": "latest",
        "live2d-widget-model-hibiki": "latest",
        "live2d-widget-model-hijiki": "latest",
        "live2d-widget-model-izumi": "latest",
        "live2d-widget-model-kasumi_event128": "^1.0.0",
        "live2d-widget-model-koharu": "latest",
        "live2d-widget-model-miku": "latest",
        "live2d-widget-model-ni-j": "latest",
        "live2d-widget-model-nico": "latest",
        "live2d-widget-model-nietzsche": "latest",
        "live2d-widget-model-nipsilon": "latest",
        "live2d-widget-model-nito": "latest",
        "live2d-widget-model-shizuku": "latest",
        "live2d-widget-model-tororo": "latest",
        "live2d-widget-model-tsumiki": "latest",
        "live2d-widget-model-unitychan": "latest",
        "live2d-widget-model-wanko": "latest",
        "live2d-widget-model-z16": "latest"
      }
    },
    "node_modules/ansi-escapes": {
      "version": "1.4.0",
      "resolved": "https://registry.nlark.com/ansi-escapes/download/ansi-escapes-1.4.0.tgz?cache=0&sync_timestamp=1618847144938&other_urls=https%3A%2F%2Fregistry.nlark.com%2Fansi-escapes%2Fdownload%2Fansi-escapes-1.4.0.tgz",
      "integrity": "sha1-06ioOzGapneTZisT52HHkRQiMG4=",
      "engines": {
        "node": ">=0.10.0"
      }
    },
    "node_modules/ansi-regex": {
      "version": "2.1.1",
      "resolved": "https://registry.nlark.com/ansi-regex/download/ansi-regex-2.1.1.tgz?cache=0&sync_timestamp=1631634988487&other_urls=https%3A%2F%2Fregistry.nlark.com%2Fansi-regex%2Fdownload%2Fansi-regex-2.1.1.tgz",
      "integrity": "sha1-w7M6te42DYbg5ijwRorn7yfWVN8=",
      "engines": {
        "node": ">=0.10.0"
      }
    },
    "node_modules/ansi-styles": {
      "version": "2.2.1",
      "resolved": "https://registry.nlark.com/ansi-styles/download/ansi-styles-2.2.1.tgz",
      "integrity": "sha1-tDLdM1i2NM914eRmQ2gkBTPB3b4=",
      "engines": {
        "node": ">=0.10.0"
      }
    },
    "node_modules/babel-polyfill": {
      "version": "6.23.0",
      "resolved": "https://registry.nlark.com/babel-polyfill/download/babel-polyfill-6.23.0.tgz",
      "integrity": "sha1-g2TKYt+Or7gwSZ9pkXdGbDsDSZ0=",
      "dependencies": {
        "babel-runtime": "^6.22.0",
        "core-js": "^2.4.0",
        "regenerator-runtime": "^0.10.0"
      }
    },
    "node_modules/babel-runtime": {
      "version": "6.26.0",
      "resolved": "https://registry.nlark.com/babel-runtime/download/babel-runtime-6.26.0.tgz",
      "integrity": "sha1-llxwWGaOgrVde/4E/yM3vItWR/4=",
      "dependencies": {
        "core-js": "^2.4.0",
        "regenerator-runtime": "^0.11.0"
      }
    },
    "node_modules/babel-runtime/node_modules/regenerator-runtime": {
      "version": "0.11.1",
      "resolved": "https://registry.nlark.com/regenerator-runtime/download/regenerator-runtime-0.11.1.tgz?cache=0&sync_timestamp=1626993001371&other_urls=https%3A%2F%2Fregistry.nlark.com%2Fregenerator-runtime%2Fdownload%2Fregenerator-runtime-0.11.1.tgz",
      "integrity": "sha1-vgWtf5v30i4Fb5cmzuUBf78Z4uk="
    },
    "node_modules/chalk": {
      "version": "1.1.3",
      "resolved": "https://registry.npmmirror.com/chalk/download/chalk-1.1.3.tgz",
      "integrity": "sha1-qBFcVeSnAv5NFQq9OHKCKn4J/Jg=",
      "dependencies": {
        "ansi-styles": "^2.2.1",
        "escape-string-regexp": "^1.0.2",
        "has-ansi": "^2.0.0",
        "strip-ansi": "^3.0.0",
        "supports-color": "^2.0.0"
      },
      "engines": {
        "node": ">=0.10.0"
      }
    },
    "node_modules/chardet": {
      "version": "0.4.2",
      "resolved": "https://registry.npmmirror.com/chardet/download/chardet-0.4.2.tgz?cache=0&sync_timestamp=1634639141514&other_urls=https%3A%2F%2Fregistry.npmmirror.com%2Fchardet%2Fdownload%2Fchardet-0.4.2.tgz",
      "integrity": "sha1-tUc7M9yXxCTl2Y3IfVXU2KKci/I="
    },
    "node_modules/cli-cursor": {
      "version": "2.1.0",
      "resolved": "https://registry.nlark.com/cli-cursor/download/cli-cursor-2.1.0.tgz?cache=0&sync_timestamp=1629747481175&other_urls=https%3A%2F%2Fregistry.nlark.com%2Fcli-cursor%2Fdownload%2Fcli-cursor-2.1.0.tgz",
      "integrity": "sha1-s12sN2R5+sw+lHR9QdDQ9SOP/LU=",
      "dependencies": {
        "restore-cursor": "^2.0.0"
      },
      "engines": {
        "node": ">=4"
      }
    },
    "node_modules/cli-width": {
      "version": "2.2.1",
      "resolved": "https://registry.nlark.com/cli-width/download/cli-width-2.2.1.tgz",
      "integrity": "sha1-sEM9C06chH7xiGik7xb9X8gnHEg="
    },
    "node_modules/core-js": {
      "version": "2.6.12",
      "resolved": "https://registry.npmmirror.com/core-js/download/core-js-2.6.12.tgz",
      "integrity": "sha1-2TM9+nsGXjR8xWgiGdb2kIWcwuw=",
      "deprecated": "core-js@<3.3 is no longer maintained and not recommended for usage due to the number of issues. Because of the V8 engine whims, feature detection in old core-js versions could cause a slowdown up to 100x even if nothing is polyfilled. Please, upgrade your dependencies to the actual version of core-js.",
      "hasInstallScript": true
    },
    "node_modules/encoding": {
      "version": "0.1.13",
      "resolved": "https://registry.npmmirror.com/encoding/download/encoding-0.1.13.tgz",
      "integrity": "sha1-VldK/deR9UqOmyeFwFgqLSYhD6k=",
      "dependencies": {
        "iconv-lite": "^0.6.2"
      }
    },
    "node_modules/encoding/node_modules/iconv-lite": {
      "version": "0.6.3",
      "resolved": "https://registry.nlark.com/iconv-lite/download/iconv-lite-0.6.3.tgz",
      "integrity": "sha1-pS+AvzjaGVLrXGgXkHGYcaGnJQE=",
      "dependencies": {
        "safer-buffer": ">= 2.1.2 < 3.0.0"
      },
      "engines": {
        "node": ">=0.10.0"
      }
    },
    "node_modules/escape-string-regexp": {
      "version": "1.0.5",
      "resolved": "https://registry.nlark.com/escape-string-regexp/download/escape-string-regexp-1.0.5.tgz",
      "integrity": "sha1-G2HAViGQqN/2rjuyzwIAyhMLhtQ=",
      "engines": {
        "node": ">=0.8.0"
      }
    },
    "node_modules/external-editor": {
      "version": "2.2.0",
      "resolved": "https://registry.nlark.com/external-editor/download/external-editor-2.2.0.tgz",
      "integrity": "sha1-BFURz9jRM/OEZnPRBHwVTiFK09U=",
      "dependencies": {
        "chardet": "^0.4.0",
        "iconv-lite": "^0.4.17",
        "tmp": "^0.0.33"
      },
      "engines": {
        "node": ">=0.12"
      }
    },
    "node_modules/figures": {
      "version": "2.0.0",
      "resolved": "https://registry.nlark.com/figures/download/figures-2.0.0.tgz?cache=0&sync_timestamp=1625254307578&other_urls=https%3A%2F%2Fregistry.nlark.com%2Ffigures%2Fdownload%2Ffigures-2.0.0.tgz",
      "integrity": "sha1-OrGi0qYsi/tDGgyUy3l6L84nyWI=",
      "dependencies": {
        "escape-string-regexp": "^1.0.5"
      },
      "engines": {
        "node": ">=4"
      }
    },
    "node_modules/has-ansi": {
      "version": "2.0.0",
      "resolved": "https://registry.nlark.com/has-ansi/download/has-ansi-2.0.0.tgz?cache=0&sync_timestamp=1631556755105&other_urls=https%3A%2F%2Fregistry.nlark.com%2Fhas-ansi%2Fdownload%2Fhas-ansi-2.0.0.tgz",
      "integrity": "sha1-NPUEnOHs3ysGSa8+8k5F7TVBbZE=",
      "dependencies": {
        "ansi-regex": "^2.0.0"
      },
      "engines": {
        "node": ">=0.10.0"
      }
    },
    "node_modules/iconv-lite": {
      "version": "0.4.24",
      "resolved": "https://registry.nlark.com/iconv-lite/download/iconv-lite-0.4.24.tgz",
      "integrity": "sha1-ICK0sl+93CHS9SSXSkdKr+czkIs=",
      "dependencies": {
        "safer-buffer": ">= 2.1.2 < 3"
      },
      "engines": {
        "node": ">=0.10.0"
      }
    },
    "node_modules/inquirer": {
      "version": "3.0.6",
      "resolved": "https://registry.npmmirror.com/inquirer/download/inquirer-3.0.6.tgz?cache=0&sync_timestamp=1633472834271&other_urls=https%3A%2F%2Fregistry.npmmirror.com%2Finquirer%2Fdownload%2Finquirer-3.0.6.tgz",
      "integrity": "sha1-4EqqnQW3o8ubD0B9BDdfBEcZA0c=",
      "dependencies": {
        "ansi-escapes": "^1.1.0",
        "chalk": "^1.0.0",
        "cli-cursor": "^2.1.0",
        "cli-width": "^2.0.0",
        "external-editor": "^2.0.1",
        "figures": "^2.0.0",
        "lodash": "^4.3.0",
        "mute-stream": "0.0.7",
        "run-async": "^2.2.0",
        "rx": "^4.1.0",
        "string-width": "^2.0.0",
        "strip-ansi": "^3.0.0",
        "through": "^2.3.6"
      }
    },
    "node_modules/is-fullwidth-code-point": {
      "version": "2.0.0",
      "resolved": "https://registry.nlark.com/is-fullwidth-code-point/download/is-fullwidth-code-point-2.0.0.tgz",
      "integrity": "sha1-o7MKXE8ZkYMWeqq5O+764937ZU8=",
      "engines": {
        "node": ">=4"
      }
    },
    "node_modules/is-stream": {
      "version": "1.1.0",
      "resolved": "https://registry.nlark.com/is-stream/download/is-stream-1.1.0.tgz",
      "integrity": "sha1-EtSj3U5o4Lec6428hBc66A2RykQ=",
      "engines": {
        "node": ">=0.10.0"
      }
    },
    "node_modules/live2d-widget": {
      "version": "3.1.4",
      "resolved": "https://registry.nlark.com/live2d-widget/download/live2d-widget-3.1.4.tgz",
      "integrity": "sha1-gVY3KqIgDgmcNClkNh4ipXXz6s8=",
      "dependencies": {
        "opencollective": "^1.0.3",
        "opencollective-postinstall": "^2.0.1"
      }
    },
    "node_modules/live2d-widget-model-chitose": {
      "version": "1.0.5",
      "resolved": "https://registry.nlark.com/live2d-widget-model-chitose/download/live2d-widget-model-chitose-1.0.5.tgz",
      "integrity": "sha1-5q7S1jQ+UPMWuXlnOUiJWDvUB8M="
    },
    "node_modules/live2d-widget-model-epsilon2_1": {
      "version": "1.0.5",
      "resolved": "https://registry.nlark.com/live2d-widget-model-epsilon2_1/download/live2d-widget-model-epsilon2_1-1.0.5.tgz",
      "integrity": "sha1-wVAaB73OuXGCHy7umDfYtZODneU="
    },
    "node_modules/live2d-widget-model-gf": {
      "version": "1.0.5",
      "resolved": "https://registry.npmmirror.com/live2d-widget-model-gf/download/live2d-widget-model-gf-1.0.5.tgz",
      "integrity": "sha1-OOOa4I5LGsGkSWHrWevaqHU7ERo="
    },
    "node_modules/live2d-widget-model-haru": {
      "version": "1.0.5",
      "resolved": "https://registry.nlark.com/live2d-widget-model-haru/download/live2d-widget-model-haru-1.0.5.tgz",
      "integrity": "sha1-a1Gt27SRLfSqrqrE2mTx3wTujx0="
    },
    "node_modules/live2d-widget-model-haruto": {
      "version": "1.0.5",
      "resolved": "https://registry.nlark.com/live2d-widget-model-haruto/download/live2d-widget-model-haruto-1.0.5.tgz",
      "integrity": "sha1-CmrmqTOTAIJG4/ajC1sUu3fS7lU="
    },
    "node_modules/live2d-widget-model-hibiki": {
      "version": "1.0.5",
      "resolved": "https://registry.nlark.com/live2d-widget-model-hibiki/download/live2d-widget-model-hibiki-1.0.5.tgz",
      "integrity": "sha1-DvHZm0PSefuVMbzKqazBLdUGn/U="
    },
    "node_modules/live2d-widget-model-hijiki": {
      "version": "1.0.5",
      "resolved": "https://registry.nlark.com/live2d-widget-model-hijiki/download/live2d-widget-model-hijiki-1.0.5.tgz",
      "integrity": "sha1-wt3GsjgL4RuLi8LfDYL9bfoAfxE="
    },
    "node_modules/live2d-widget-model-izumi": {
      "version": "1.0.5",
      "resolved": "https://registry.npmmirror.com/live2d-widget-model-izumi/download/live2d-widget-model-izumi-1.0.5.tgz",
      "integrity": "sha1-pvaxK9w5S/4NxX5DapwwPcvmqZc="
    },
    "node_modules/live2d-widget-model-kasumi_event128": {
      "version": "1.0.0",
      "resolved": "https://registry.npmmirror.com/live2d-widget-model-kasumi_event128/download/live2d-widget-model-kasumi_event128-1.0.0.tgz",
      "integrity": "sha512-yrf+d2pdQo1opezWCiZBw4vBuGoO/mAw7v6bNdBy5hGi5ua9AepfmgkD7Hw+2+vEv6oVvYb7l3UVTRlPy4X0uA=="
    },
    "node_modules/live2d-widget-model-koharu": {
      "version": "1.0.5",
      "resolved": "https://registry.nlark.com/live2d-widget-model-koharu/download/live2d-widget-model-koharu-1.0.5.tgz",
      "integrity": "sha1-ZSXixJWvQLB02RwxSZ1KcXEc/Mw="
    },
    "node_modules/live2d-widget-model-miku": {
      "version": "1.0.5",
      "resolved": "https://registry.nlark.com/live2d-widget-model-miku/download/live2d-widget-model-miku-1.0.5.tgz",
      "integrity": "sha1-SaC3tLvDceNrdc9i10WTPnvPEIs="
    },
    "node_modules/live2d-widget-model-ni-j": {
      "version": "1.0.5",
      "resolved": "https://registry.npmmirror.com/live2d-widget-model-ni-j/download/live2d-widget-model-ni-j-1.0.5.tgz",
      "integrity": "sha1-zXO9CgCWadcapFAJ3rj8XwuOO2c="
    },
    "node_modules/live2d-widget-model-nico": {
      "version": "1.0.5",
      "resolved": "https://registry.npmmirror.com/live2d-widget-model-nico/download/live2d-widget-model-nico-1.0.5.tgz",
      "integrity": "sha1-pKy+PZsriqn5wSoHdgaw0nz9viA="
    },
    "node_modules/live2d-widget-model-nietzsche": {
      "version": "1.0.5",
      "resolved": "https://registry.npmmirror.com/live2d-widget-model-nietzsche/download/live2d-widget-model-nietzsche-1.0.5.tgz",
      "integrity": "sha1-yIoGGViXH8aPU+tTx71BEIryXco="
    },
    "node_modules/live2d-widget-model-nipsilon": {
      "version": "1.0.5",
      "resolved": "https://registry.npmmirror.com/live2d-widget-model-nipsilon/download/live2d-widget-model-nipsilon-1.0.5.tgz",
      "integrity": "sha1-OAXIfII5MGyV+H3PvPFm5Oypz6Q="
    },
    "node_modules/live2d-widget-model-nito": {
      "version": "1.0.5",
      "resolved": "https://registry.npmmirror.com/live2d-widget-model-nito/download/live2d-widget-model-nito-1.0.5.tgz",
      "integrity": "sha1-KbFUmIcuizmtfrxvTne0kfR7jJ4="
    },
    "node_modules/live2d-widget-model-shizuku": {
      "version": "1.0.5",
      "resolved": "https://registry.nlark.com/live2d-widget-model-shizuku/download/live2d-widget-model-shizuku-1.0.5.tgz",
      "integrity": "sha1-E28mlpCyBzj6Dptn4zqmQwB1Eqg="
    },
    "node_modules/live2d-widget-model-tororo": {
      "version": "1.0.5",
      "resolved": "https://registry.nlark.com/live2d-widget-model-tororo/download/live2d-widget-model-tororo-1.0.5.tgz",
      "integrity": "sha1-9VbK/4JBmP9B0S987IB+EwHrydE="
    },
    "node_modules/live2d-widget-model-tsumiki": {
      "version": "1.0.5",
      "resolved": "https://registry.npmmirror.com/live2d-widget-model-tsumiki/download/live2d-widget-model-tsumiki-1.0.5.tgz",
      "integrity": "sha1-3nQs7LRglkZC9mI3fd2629PD/us="
    },
    "node_modules/live2d-widget-model-unitychan": {
      "version": "1.0.5",
      "resolved": "https://registry.npmmirror.com/live2d-widget-model-unitychan/download/live2d-widget-model-unitychan-1.0.5.tgz",
      "integrity": "sha1-/fCtMD6soE1C3sBcRagqJBhLeVM="
    },
    "node_modules/live2d-widget-model-wanko": {
      "version": "1.0.5",
      "resolved": "https://registry.npmmirror.com/live2d-widget-model-wanko/download/live2d-widget-model-wanko-1.0.5.tgz",
      "integrity": "sha1-KDNIa8dlKM435+BP275iMZHgOVM="
    },
    "node_modules/live2d-widget-model-z16": {
      "version": "1.0.5",
      "resolved": "https://registry.npmmirror.com/live2d-widget-model-z16/download/live2d-widget-model-z16-1.0.5.tgz",
      "integrity": "sha1-dgQCXnM9b8aySmDDIx5bYtXlMqE="
    },
    "node_modules/lodash": {
      "version": "4.17.21",
      "resolved": "https://registry.nlark.com/lodash/download/lodash-4.17.21.tgz",
      "integrity": "sha1-Z5WRxWTDv/quhFTPCz3zcMPWkRw="
    },
    "node_modules/mimic-fn": {
      "version": "1.2.0",
      "resolved": "https://registry.npm.taobao.org/mimic-fn/download/mimic-fn-1.2.0.tgz",
      "integrity": "sha1-ggyGo5M0ZA6ZUWkovQP8qIBX0CI=",
      "engines": {
        "node": ">=4"
      }
    },
    "node_modules/minimist": {
      "version": "1.2.0",
      "resolved": "https://registry.nlark.com/minimist/download/minimist-1.2.0.tgz?cache=0&sync_timestamp=1618847017774&other_urls=https%3A%2F%2Fregistry.nlark.com%2Fminimist%2Fdownload%2Fminimist-1.2.0.tgz",
      "integrity": "sha1-o1AIsg9BOD7sH7kU9M1d95omQoQ="
    },
    "node_modules/mute-stream": {
      "version": "0.0.7",
      "resolved": "https://registry.nlark.com/mute-stream/download/mute-stream-0.0.7.tgz",
      "integrity": "sha1-MHXOk7whuPq0PhvE2n6BFe0ee6s="
    },
    "node_modules/node-fetch": {
      "version": "1.6.3",
      "resolved": "https://registry.npmmirror.com/node-fetch/download/node-fetch-1.6.3.tgz?cache=0&sync_timestamp=1636395435525&other_urls=https%3A%2F%2Fregistry.npmmirror.com%2Fnode-fetch%2Fdownload%2Fnode-fetch-1.6.3.tgz",
      "integrity": "sha1-3CNO3WSJmC1Y6PDbT2lQKavNjAQ=",
      "dependencies": {
        "encoding": "^0.1.11",
        "is-stream": "^1.0.1"
      }
    },
    "node_modules/object-assign": {
      "version": "4.1.1",
      "resolved": "https://registry.nlark.com/object-assign/download/object-assign-4.1.1.tgz",
      "integrity": "sha1-IQmtx5ZYh8/AXLvUQsrIv7s2CGM=",
      "engines": {
        "node": ">=0.10.0"
      }
    },
    "node_modules/onetime": {
      "version": "2.0.1",
      "resolved": "https://registry.npm.taobao.org/onetime/download/onetime-2.0.1.tgz?cache=0&sync_timestamp=1617889724435&other_urls=https%3A%2F%2Fregistry.npm.taobao.org%2Fonetime%2Fdownload%2Fonetime-2.0.1.tgz",
      "integrity": "sha1-BnQoIw/WdEOyeUsiu6UotoZ5YtQ=",
      "dependencies": {
        "mimic-fn": "^1.0.0"
      },
      "engines": {
        "node": ">=4"
      }
    },
    "node_modules/opencollective": {
      "version": "1.0.3",
      "resolved": "https://registry.npm.taobao.org/opencollective/download/opencollective-1.0.3.tgz",
      "integrity": "sha1-ruY3K8KBRFg2kMPKja7PwSDdDvE=",
      "dependencies": {
        "babel-polyfill": "6.23.0",
        "chalk": "1.1.3",
        "inquirer": "3.0.6",
        "minimist": "1.2.0",
        "node-fetch": "1.6.3",
        "opn": "4.0.2"
      },
      "bin": {
        "oc": "dist/bin/opencollective.js",
        "opencollective": "dist/bin/opencollective.js"
      }
    },
    "node_modules/opencollective-postinstall": {
      "version": "2.0.3",
      "resolved": "https://registry.npmmirror.com/opencollective-postinstall/download/opencollective-postinstall-2.0.3.tgz?cache=0&sync_timestamp=1637575019200&other_urls=https%3A%2F%2Fregistry.npmmirror.com%2Fopencollective-postinstall%2Fdownload%2Fopencollective-postinstall-2.0.3.tgz",
      "integrity": "sha1-eg//l49tv6TQBiOPusmO1BmMMlk=",
      "bin": {
        "opencollective-postinstall": "index.js"
      }
    },
    "node_modules/opn": {
      "version": "4.0.2",
      "resolved": "https://registry.npmmirror.com/opn/download/opn-4.0.2.tgz",
      "integrity": "sha1-erwi5kTf9jsKltWrfyeQwPAavJU=",
      "dependencies": {
        "object-assign": "^4.0.1",
        "pinkie-promise": "^2.0.0"
      },
      "engines": {
        "node": ">=0.10.0"
      }
    },
    "node_modules/os-tmpdir": {
      "version": "1.0.2",
      "resolved": "https://registry.npm.taobao.org/os-tmpdir/download/os-tmpdir-1.0.2.tgz",
      "integrity": "sha1-u+Z0BseaqFxc/sdm/lc0VV36EnQ=",
      "engines": {
        "node": ">=0.10.0"
      }
    },
    "node_modules/pinkie": {
      "version": "2.0.4",
      "resolved": "https://registry.nlark.com/pinkie/download/pinkie-2.0.4.tgz",
      "integrity": "sha1-clVrgM+g1IqXToDnckjoDtT3+HA=",
      "engines": {
        "node": ">=0.10.0"
      }
    },
    "node_modules/pinkie-promise": {
      "version": "2.0.1",
      "resolved": "https://registry.nlark.com/pinkie-promise/download/pinkie-promise-2.0.1.tgz?cache=0&sync_timestamp=1618847023792&other_urls=https%3A%2F%2Fregistry.nlark.com%2Fpinkie-promise%2Fdownload%2Fpinkie-promise-2.0.1.tgz",
      "integrity": "sha1-ITXW36ejWMBprJsXh3YogihFD/o=",
      "dependencies": {
        "pinkie": "^2.0.0"
      },
      "engines": {
        "node": ">=0.10.0"
      }
    },
    "node_modules/regenerator-runtime": {
      "version": "0.10.5",
      "resolved": "https://registry.nlark.com/regenerator-runtime/download/regenerator-runtime-0.10.5.tgz?cache=0&sync_timestamp=1626993001371&other_urls=https%3A%2F%2Fregistry.nlark.com%2Fregenerator-runtime%2Fdownload%2Fregenerator-runtime-0.10.5.tgz",
      "integrity": "sha1-M2w+/BIgrc7dosn6tntaeVWjNlg="
    },
    "node_modules/restore-cursor": {
      "version": "2.0.0",
      "resolved": "https://registry.nlark.com/restore-cursor/download/restore-cursor-2.0.0.tgz?cache=0&sync_timestamp=1629746923086&other_urls=https%3A%2F%2Fregistry.nlark.com%2Frestore-cursor%2Fdownload%2Frestore-cursor-2.0.0.tgz",
      "integrity": "sha1-n37ih/gv0ybU/RYpI9YhKe7g368=",
      "dependencies": {
        "onetime": "^2.0.0",
        "signal-exit": "^3.0.2"
      },
      "engines": {
        "node": ">=4"
      }
    },
    "node_modules/run-async": {
      "version": "2.4.1",
      "resolved": "https://registry.nlark.com/run-async/download/run-async-2.4.1.tgz",
      "integrity": "sha1-hEDsz5nqPnC9QJ1JqriOEMGJpFU=",
      "engines": {
        "node": ">=0.12.0"
      }
    },
    "node_modules/rx": {
      "version": "4.1.0",
      "resolved": "https://registry.nlark.com/rx/download/rx-4.1.0.tgz",
      "integrity": "sha1-pfE/957zt0D+MKqAP7CfmIBdR4I="
    },
    "node_modules/safer-buffer": {
      "version": "2.1.2",
      "resolved": "https://registry.nlark.com/safer-buffer/download/safer-buffer-2.1.2.tgz",
      "integrity": "sha1-RPoWGwGHuVSd2Eu5GAL5vYOFzWo="
    },
    "node_modules/signal-exit": {
      "version": "3.0.6",
      "resolved": "https://registry.npmmirror.com/signal-exit/download/signal-exit-3.0.6.tgz?cache=0&sync_timestamp=1637255687504&other_urls=https%3A%2F%2Fregistry.npmmirror.com%2Fsignal-exit%2Fdownload%2Fsignal-exit-3.0.6.tgz",
      "integrity": "sha512-sDl4qMFpijcGw22U5w63KmD3cZJfBuFlVNbVMKje2keoKML7X2UzWbc4XrmEbDwg0NXJc3yv4/ox7b+JWb57kQ=="
    },
    "node_modules/string-width": {
      "version": "2.1.1",
      "resolved": "https://registry.npmmirror.com/string-width/download/string-width-2.1.1.tgz",
      "integrity": "sha1-q5Pyeo3BPSjKyBXEYhQ6bZASrp4=",
      "dependencies": {
        "is-fullwidth-code-point": "^2.0.0",
        "strip-ansi": "^4.0.0"
      },
      "engines": {
        "node": ">=4"
      }
    },
    "node_modules/string-width/node_modules/ansi-regex": {
      "version": "3.0.0",
      "resolved": "https://registry.nlark.com/ansi-regex/download/ansi-regex-3.0.0.tgz?cache=0&sync_timestamp=1631634988487&other_urls=https%3A%2F%2Fregistry.nlark.com%2Fansi-regex%2Fdownload%2Fansi-regex-3.0.0.tgz",
      "integrity": "sha1-7QMXwyIGT3lGbAKWa922Bas32Zg=",
      "engines": {
        "node": ">=4"
      }
    },
    "node_modules/string-width/node_modules/strip-ansi": {
      "version": "4.0.0",
      "resolved": "https://registry.npmmirror.com/strip-ansi/download/strip-ansi-4.0.0.tgz?cache=0&sync_timestamp=1632432619223&other_urls=https%3A%2F%2Fregistry.npmmirror.com%2Fstrip-ansi%2Fdownload%2Fstrip-ansi-4.0.0.tgz",
      "integrity": "sha1-qEeQIusaw2iocTibY1JixQXuNo8=",
      "dependencies": {
        "ansi-regex": "^3.0.0"
      },
      "engines": {
        "node": ">=4"
      }
    },
    "node_modules/strip-ansi": {
      "version": "3.0.1",
      "resolved": "https://registry.npmmirror.com/strip-ansi/download/strip-ansi-3.0.1.tgz?cache=0&sync_timestamp=1632432619223&other_urls=https%3A%2F%2Fregistry.npmmirror.com%2Fstrip-ansi%2Fdownload%2Fstrip-ansi-3.0.1.tgz",
      "integrity": "sha1-ajhfuIU9lS1f8F0Oiq+UJ43GPc8=",
      "dependencies": {
        "ansi-regex": "^2.0.0"
      },
      "engines": {
        "node": ">=0.10.0"
      }
    },
    "node_modules/supports-color": {
      "version": "2.0.0",
      "resolved": "https://registry.npmmirror.com/supports-color/download/supports-color-2.0.0.tgz",
      "integrity": "sha1-U10EXOa2Nj+kARcIRimZXp3zJMc=",
      "engines": {
        "node": ">=0.8.0"
      }
    },
    "node_modules/through": {
      "version": "2.3.8",
      "resolved": "https://registry.nlark.com/through/download/through-2.3.8.tgz",
      "integrity": "sha1-DdTJ/6q8NXlgsbckEV1+Doai4fU="
    },
    "node_modules/tmp": {
      "version": "0.0.33",
      "resolved": "https://registry.nlark.com/tmp/download/tmp-0.0.33.tgz",
      "integrity": "sha1-bTQzWIl2jSGyvNoKonfO07G/rfk=",
      "dependencies": {
        "os-tmpdir": "~1.0.2"
      },
      "engines": {
        "node": ">=0.6.0"
      }
    }
  },
  "dependencies": {
    "ansi-escapes": {
      "version": "1.4.0",
      "resolved": "https://registry.nlark.com/ansi-escapes/download/ansi-escapes-1.4.0.tgz?cache=0&sync_timestamp=1618847144938&other_urls=https%3A%2F%2Fregistry.nlark.com%2Fansi-escapes%2Fdownload%2Fansi-escapes-1.4.0.tgz",
      "integrity": "sha1-06ioOzGapneTZisT52HHkRQiMG4="
    },
    "ansi-regex": {
      "version": "2.1.1",
      "resolved": "https://registry.nlark.com/ansi-regex/download/ansi-regex-2.1.1.tgz?cache=0&sync_timestamp=1631634988487&other_urls=https%3A%2F%2Fregistry.nlark.com%2Fansi-regex%2Fdownload%2Fansi-regex-2.1.1.tgz",
      "integrity": "sha1-w7M6te42DYbg5ijwRorn7yfWVN8="
    },
    "ansi-styles": {
      "version": "2.2.1",
      "resolved": "https://registry.nlark.com/ansi-styles/download/ansi-styles-2.2.1.tgz",
      "integrity": "sha1-tDLdM1i2NM914eRmQ2gkBTPB3b4="
    },
    "babel-polyfill": {
      "version": "6.23.0",
      "resolved": "https://registry.nlark.com/babel-polyfill/download/babel-polyfill-6.23.0.tgz",
      "integrity": "sha1-g2TKYt+Or7gwSZ9pkXdGbDsDSZ0=",
      "requires": {
        "babel-runtime": "^6.22.0",
        "core-js": "^2.4.0",
        "regenerator-runtime": "^0.10.0"
      }
    },
    "babel-runtime": {
      "version": "6.26.0",
      "resolved": "https://registry.nlark.com/babel-runtime/download/babel-runtime-6.26.0.tgz",
      "integrity": "sha1-llxwWGaOgrVde/4E/yM3vItWR/4=",
      "requires": {
        "core-js": "^2.4.0",
        "regenerator-runtime": "^0.11.0"
      },
      "dependencies": {
        "regenerator-runtime": {
          "version": "0.11.1",
          "resolved": "https://registry.nlark.com/regenerator-runtime/download/regenerator-runtime-0.11.1.tgz?cache=0&sync_timestamp=1626993001371&other_urls=https%3A%2F%2Fregistry.nlark.com%2Fregenerator-runtime%2Fdownload%2Fregenerator-runtime-0.11.1.tgz",
          "integrity": "sha1-vgWtf5v30i4Fb5cmzuUBf78Z4uk="
        }
      }
    },
    "chalk": {
      "version": "1.1.3",
      "resolved": "https://registry.npmmirror.com/chalk/download/chalk-1.1.3.tgz",
      "integrity": "sha1-qBFcVeSnAv5NFQq9OHKCKn4J/Jg=",
      "requires": {
        "ansi-styles": "^2.2.1",
        "escape-string-regexp": "^1.0.2",
        "has-ansi": "^2.0.0",
        "strip-ansi": "^3.0.0",
        "supports-color": "^2.0.0"
      }
    },
    "chardet": {
      "version": "0.4.2",
      "resolved": "https://registry.npmmirror.com/chardet/download/chardet-0.4.2.tgz?cache=0&sync_timestamp=1634639141514&other_urls=https%3A%2F%2Fregistry.npmmirror.com%2Fchardet%2Fdownload%2Fchardet-0.4.2.tgz",
      "integrity": "sha1-tUc7M9yXxCTl2Y3IfVXU2KKci/I="
    },
    "cli-cursor": {
      "version": "2.1.0",
      "resolved": "https://registry.nlark.com/cli-cursor/download/cli-cursor-2.1.0.tgz?cache=0&sync_timestamp=1629747481175&other_urls=https%3A%2F%2Fregistry.nlark.com%2Fcli-cursor%2Fdownload%2Fcli-cursor-2.1.0.tgz",
      "integrity": "sha1-s12sN2R5+sw+lHR9QdDQ9SOP/LU=",
      "requires": {
        "restore-cursor": "^2.0.0"
      }
    },
    "cli-width": {
      "version": "2.2.1",
      "resolved": "https://registry.nlark.com/cli-width/download/cli-width-2.2.1.tgz",
      "integrity": "sha1-sEM9C06chH7xiGik7xb9X8gnHEg="
    },
    "core-js": {
      "version": "2.6.12",
      "resolved": "https://registry.npmmirror.com/core-js/download/core-js-2.6.12.tgz",
      "integrity": "sha1-2TM9+nsGXjR8xWgiGdb2kIWcwuw="
    },
    "encoding": {
      "version": "0.1.13",
      "resolved": "https://registry.npmmirror.com/encoding/download/encoding-0.1.13.tgz",
      "integrity": "sha1-VldK/deR9UqOmyeFwFgqLSYhD6k=",
      "requires": {
        "iconv-lite": "^0.6.2"
      },
      "dependencies": {
        "iconv-lite": {
          "version": "0.6.3",
          "resolved": "https://registry.nlark.com/iconv-lite/download/iconv-lite-0.6.3.tgz",
          "integrity": "sha1-pS+AvzjaGVLrXGgXkHGYcaGnJQE=",
          "requires": {
            "safer-buffer": ">= 2.1.2 < 3.0.0"
          }
        }
      }
    },
    "escape-string-regexp": {
      "version": "1.0.5",
      "resolved": "https://registry.nlark.com/escape-string-regexp/download/escape-string-regexp-1.0.5.tgz",
      "integrity": "sha1-G2HAViGQqN/2rjuyzwIAyhMLhtQ="
    },
    "external-editor": {
      "version": "2.2.0",
      "resolved": "https://registry.nlark.com/external-editor/download/external-editor-2.2.0.tgz",
      "integrity": "sha1-BFURz9jRM/OEZnPRBHwVTiFK09U=",
      "requires": {
        "chardet": "^0.4.0",
        "iconv-lite": "^0.4.17",
        "tmp": "^0.0.33"
      }
    },
    "figures": {
      "version": "2.0.0",
      "resolved": "https://registry.nlark.com/figures/download/figures-2.0.0.tgz?cache=0&sync_timestamp=1625254307578&other_urls=https%3A%2F%2Fregistry.nlark.com%2Ffigures%2Fdownload%2Ffigures-2.0.0.tgz",
      "integrity": "sha1-OrGi0qYsi/tDGgyUy3l6L84nyWI=",
      "requires": {
        "escape-string-regexp": "^1.0.5"
      }
    },
    "has-ansi": {
      "version": "2.0.0",
      "resolved": "https://registry.nlark.com/has-ansi/download/has-ansi-2.0.0.tgz?cache=0&sync_timestamp=1631556755105&other_urls=https%3A%2F%2Fregistry.nlark.com%2Fhas-ansi%2Fdownload%2Fhas-ansi-2.0.0.tgz",
      "integrity": "sha1-NPUEnOHs3ysGSa8+8k5F7TVBbZE=",
      "requires": {
        "ansi-regex": "^2.0.0"
      }
    },
    "iconv-lite": {
      "version": "0.4.24",
      "resolved": "https://registry.nlark.com/iconv-lite/download/iconv-lite-0.4.24.tgz",
      "integrity": "sha1-ICK0sl+93CHS9SSXSkdKr+czkIs=",
      "requires": {
        "safer-buffer": ">= 2.1.2 < 3"
      }
    },
    "inquirer": {
      "version": "3.0.6",
      "resolved": "https://registry.npmmirror.com/inquirer/download/inquirer-3.0.6.tgz?cache=0&sync_timestamp=1633472834271&other_urls=https%3A%2F%2Fregistry.npmmirror.com%2Finquirer%2Fdownload%2Finquirer-3.0.6.tgz",
      "integrity": "sha1-4EqqnQW3o8ubD0B9BDdfBEcZA0c=",
      "requires": {
        "ansi-escapes": "^1.1.0",
        "chalk": "^1.0.0",
        "cli-cursor": "^2.1.0",
        "cli-width": "^2.0.0",
        "external-editor": "^2.0.1",
        "figures": "^2.0.0",
        "lodash": "^4.3.0",
        "mute-stream": "0.0.7",
        "run-async": "^2.2.0",
        "rx": "^4.1.0",
        "string-width": "^2.0.0",
        "strip-ansi": "^3.0.0",
        "through": "^2.3.6"
      }
    },
    "is-fullwidth-code-point": {
      "version": "2.0.0",
      "resolved": "https://registry.nlark.com/is-fullwidth-code-point/download/is-fullwidth-code-point-2.0.0.tgz",
      "integrity": "sha1-o7MKXE8ZkYMWeqq5O+764937ZU8="
    },
    "is-stream": {
      "version": "1.1.0",
      "resolved": "https://registry.nlark.com/is-stream/download/is-stream-1.1.0.tgz",
      "integrity": "sha1-EtSj3U5o4Lec6428hBc66A2RykQ="
    },
    "live2d-widget": {
      "version": "3.1.4",
      "resolved": "https://registry.nlark.com/live2d-widget/download/live2d-widget-3.1.4.tgz",
      "integrity": "sha1-gVY3KqIgDgmcNClkNh4ipXXz6s8=",
      "requires": {
        "opencollective": "^1.0.3",
        "opencollective-postinstall": "^2.0.1"
      }
    },
    "live2d-widget-model-chitose": {
      "version": "1.0.5",
      "resolved": "https://registry.nlark.com/live2d-widget-model-chitose/download/live2d-widget-model-chitose-1.0.5.tgz",
      "integrity": "sha1-5q7S1jQ+UPMWuXlnOUiJWDvUB8M="
    },
    "live2d-widget-model-epsilon2_1": {
      "version": "1.0.5",
      "resolved": "https://registry.nlark.com/live2d-widget-model-epsilon2_1/download/live2d-widget-model-epsilon2_1-1.0.5.tgz",
      "integrity": "sha1-wVAaB73OuXGCHy7umDfYtZODneU="
    },
    "live2d-widget-model-gf": {
      "version": "1.0.5",
      "resolved": "https://registry.npmmirror.com/live2d-widget-model-gf/download/live2d-widget-model-gf-1.0.5.tgz",
      "integrity": "sha1-OOOa4I5LGsGkSWHrWevaqHU7ERo="
    },
    "live2d-widget-model-haru": {
      "version": "1.0.5",
      "resolved": "https://registry.nlark.com/live2d-widget-model-haru/download/live2d-widget-model-haru-1.0.5.tgz",
      "integrity": "sha1-a1Gt27SRLfSqrqrE2mTx3wTujx0="
    },
    "live2d-widget-model-haruto": {
      "version": "1.0.5",
      "resolved": "https://registry.nlark.com/live2d-widget-model-haruto/download/live2d-widget-model-haruto-1.0.5.tgz",
      "integrity": "sha1-CmrmqTOTAIJG4/ajC1sUu3fS7lU="
    },
    "live2d-widget-model-hibiki": {
      "version": "1.0.5",
      "resolved": "https://registry.nlark.com/live2d-widget-model-hibiki/download/live2d-widget-model-hibiki-1.0.5.tgz",
      "integrity": "sha1-DvHZm0PSefuVMbzKqazBLdUGn/U="
    },
    "live2d-widget-model-hijiki": {
      "version": "1.0.5",
      "resolved": "https://registry.nlark.com/live2d-widget-model-hijiki/download/live2d-widget-model-hijiki-1.0.5.tgz",
      "integrity": "sha1-wt3GsjgL4RuLi8LfDYL9bfoAfxE="
    },
    "live2d-widget-model-izumi": {
      "version": "1.0.5",
      "resolved": "https://registry.npmmirror.com/live2d-widget-model-izumi/download/live2d-widget-model-izumi-1.0.5.tgz",
      "integrity": "sha1-pvaxK9w5S/4NxX5DapwwPcvmqZc="
    },
    "live2d-widget-model-kasumi_event128": {
      "version": "1.0.0",
      "resolved": "https://registry.npmmirror.com/live2d-widget-model-kasumi_event128/download/live2d-widget-model-kasumi_event128-1.0.0.tgz",
      "integrity": "sha512-yrf+d2pdQo1opezWCiZBw4vBuGoO/mAw7v6bNdBy5hGi5ua9AepfmgkD7Hw+2+vEv6oVvYb7l3UVTRlPy4X0uA=="
    },
    "live2d-widget-model-koharu": {
      "version": "1.0.5",
      "resolved": "https://registry.nlark.com/live2d-widget-model-koharu/download/live2d-widget-model-koharu-1.0.5.tgz",
      "integrity": "sha1-ZSXixJWvQLB02RwxSZ1KcXEc/Mw="
    },
    "live2d-widget-model-miku": {
      "version": "1.0.5",
      "resolved": "https://registry.nlark.com/live2d-widget-model-miku/download/live2d-widget-model-miku-1.0.5.tgz",
      "integrity": "sha1-SaC3tLvDceNrdc9i10WTPnvPEIs="
    },
    "live2d-widget-model-ni-j": {
      "version": "1.0.5",
      "resolved": "https://registry.npmmirror.com/live2d-widget-model-ni-j/download/live2d-widget-model-ni-j-1.0.5.tgz",
      "integrity": "sha1-zXO9CgCWadcapFAJ3rj8XwuOO2c="
    },
    "live2d-widget-model-nico": {
      "version": "1.0.5",
      "resolved": "https://registry.npmmirror.com/live2d-widget-model-nico/download/live2d-widget-model-nico-1.0.5.tgz",
      "integrity": "sha1-pKy+PZsriqn5wSoHdgaw0nz9viA="
    },
    "live2d-widget-model-nietzsche": {
      "version": "1.0.5",
      "resolved": "https://registry.npmmirror.com/live2d-widget-model-nietzsche/download/live2d-widget-model-nietzsche-1.0.5.tgz",
      "integrity": "sha1-yIoGGViXH8aPU+tTx71BEIryXco="
    },
    "live2d-widget-model-nipsilon": {
      "version": "1.0.5",
      "resolved": "https://registry.npmmirror.com/live2d-widget-model-nipsilon/download/live2d-widget-model-nipsilon-1.0.5.tgz",
      "integrity": "sha1-OAXIfII5MGyV+H3PvPFm5Oypz6Q="
    },
    "live2d-widget-model-nito": {
      "version": "1.0.5",
      "resolved": "https://registry.npmmirror.com/live2d-widget-model-nito/download/live2d-widget-model-nito-1.0.5.tgz",
      "integrity": "sha1-KbFUmIcuizmtfrxvTne0kfR7jJ4="
    },
    "live2d-widget-model-shizuku": {
      "version": "1.0.5",
      "resolved": "https://registry.nlark.com/live2d-widget-model-shizuku/download/live2d-widget-model-shizuku-1.0.5.tgz",
      "integrity": "sha1-E28mlpCyBzj6Dptn4zqmQwB1Eqg="
    },
    "live2d-widget-model-tororo": {
      "version": "1.0.5",
      "resolved": "https://registry.nlark.com/live2d-widget-model-tororo/download/live2d-widget-model-tororo-1.0.5.tgz",
      "integrity": "sha1-9VbK/4JBmP9B0S987IB+EwHrydE="
    },
    "live2d-widget-model-tsumiki": {
      "version": "1.0.5",
      "resolved": "https://registry.npmmirror.com/live2d-widget-model-tsumiki/download/live2d-widget-model-tsumiki-1.0.5.tgz",
      "integrity": "sha1-3nQs7LRglkZC9mI3fd2629PD/us="
    },
    "live2d-widget-model-unitychan": {
      "version": "1.0.5",
      "resolved": "https://registry.npmmirror.com/live2d-widget-model-unitychan/download/live2d-widget-model-unitychan-1.0.5.tgz",
      "integrity": "sha1-/fCtMD6soE1C3sBcRagqJBhLeVM="
    },
    "live2d-widget-model-wanko": {
      "version": "1.0.5",
      "resolved": "https://registry.npmmirror.com/live2d-widget-model-wanko/download/live2d-widget-model-wanko-1.0.5.tgz",
      "integrity": "sha1-KDNIa8dlKM435+BP275iMZHgOVM="
    },
    "live2d-widget-model-z16": {
      "version": "1.0.5",
      "resolved": "https://registry.npmmirror.com/live2d-widget-model-z16/download/live2d-widget-model-z16-1.0.5.tgz",
      "integrity": "sha1-dgQCXnM9b8aySmDDIx5bYtXlMqE="
    },
    "lodash": {
      "version": "4.17.21",
      "resolved": "https://registry.nlark.com/lodash/download/lodash-4.17.21.tgz",
      "integrity": "sha1-Z5WRxWTDv/quhFTPCz3zcMPWkRw="
    },
    "mimic-fn": {
      "version": "1.2.0",
      "resolved": "https://registry.npm.taobao.org/mimic-fn/download/mimic-fn-1.2.0.tgz",
      "integrity": "sha1-ggyGo5M0ZA6ZUWkovQP8qIBX0CI="
    },
    "minimist": {
      "version": "1.2.0",
      "resolved": "https://registry.nlark.com/minimist/download/minimist-1.2.0.tgz?cache=0&sync_timestamp=1618847017774&other_urls=https%3A%2F%2Fregistry.nlark.com%2Fminimist%2Fdownload%2Fminimist-1.2.0.tgz",
      "integrity": "sha1-o1AIsg9BOD7sH7kU9M1d95omQoQ="
    },
    "mute-stream": {
      "version": "0.0.7",
      "resolved": "https://registry.nlark.com/mute-stream/download/mute-stream-0.0.7.tgz",
      "integrity": "sha1-MHXOk7whuPq0PhvE2n6BFe0ee6s="
    },
    "node-fetch": {
      "version": "1.6.3",
      "resolved": "https://registry.npmmirror.com/node-fetch/download/node-fetch-1.6.3.tgz?cache=0&sync_timestamp=1636395435525&other_urls=https%3A%2F%2Fregistry.npmmirror.com%2Fnode-fetch%2Fdownload%2Fnode-fetch-1.6.3.tgz",
      "integrity": "sha1-3CNO3WSJmC1Y6PDbT2lQKavNjAQ=",
      "requires": {
        "encoding": "^0.1.11",
        "is-stream": "^1.0.1"
      }
    },
    "object-assign": {
      "version": "4.1.1",
      "resolved": "https://registry.nlark.com/object-assign/download/object-assign-4.1.1.tgz",
      "integrity": "sha1-IQmtx5ZYh8/AXLvUQsrIv7s2CGM="
    },
    "onetime": {
      "version": "2.0.1",
      "resolved": "https://registry.npm.taobao.org/onetime/download/onetime-2.0.1.tgz?cache=0&sync_timestamp=1617889724435&other_urls=https%3A%2F%2Fregistry.npm.taobao.org%2Fonetime%2Fdownload%2Fonetime-2.0.1.tgz",
      "integrity": "sha1-BnQoIw/WdEOyeUsiu6UotoZ5YtQ=",
      "requires": {
        "mimic-fn": "^1.0.0"
      }
    },
    "opencollective": {
      "version": "1.0.3",
      "resolved": "https://registry.npm.taobao.org/opencollective/download/opencollective-1.0.3.tgz",
      "integrity": "sha1-ruY3K8KBRFg2kMPKja7PwSDdDvE=",
      "requires": {
        "babel-polyfill": "6.23.0",
        "chalk": "1.1.3",
        "inquirer": "3.0.6",
        "minimist": "1.2.0",
        "node-fetch": "1.6.3",
        "opn": "4.0.2"
      }
    },
    "opencollective-postinstall": {
      "version": "2.0.3",
      "resolved": "https://registry.npmmirror.com/opencollective-postinstall/download/opencollective-postinstall-2.0.3.tgz?cache=0&sync_timestamp=1637575019200&other_urls=https%3A%2F%2Fregistry.npmmirror.com%2Fopencollective-postinstall%2Fdownload%2Fopencollective-postinstall-2.0.3.tgz",
      "integrity": "sha1-eg//l49tv6TQBiOPusmO1BmMMlk="
    },
    "opn": {
      "version": "4.0.2",
      "resolved": "https://registry.npmmirror.com/opn/download/opn-4.0.2.tgz",
      "integrity": "sha1-erwi5kTf9jsKltWrfyeQwPAavJU=",
      "requires": {
        "object-assign": "^4.0.1",
        "pinkie-promise": "^2.0.0"
      }
    },
    "os-tmpdir": {
      "version": "1.0.2",
      "resolved": "https://registry.npm.taobao.org/os-tmpdir/download/os-tmpdir-1.0.2.tgz",
      "integrity": "sha1-u+Z0BseaqFxc/sdm/lc0VV36EnQ="
    },
    "pinkie": {
      "version": "2.0.4",
      "resolved": "https://registry.nlark.com/pinkie/download/pinkie-2.0.4.tgz",
      "integrity": "sha1-clVrgM+g1IqXToDnckjoDtT3+HA="
    },
    "pinkie-promise": {
      "version": "2.0.1",
      "resolved": "https://registry.nlark.com/pinkie-promise/download/pinkie-promise-2.0.1.tgz?cache=0&sync_timestamp=1618847023792&other_urls=https%3A%2F%2Fregistry.nlark.com%2Fpinkie-promise%2Fdownload%2Fpinkie-promise-2.0.1.tgz",
      "integrity": "sha1-ITXW36ejWMBprJsXh3YogihFD/o=",
      "requires": {
        "pinkie": "^2.0.0"
      }
    },
    "regenerator-runtime": {
      "version": "0.10.5",
      "resolved": "https://registry.nlark.com/regenerator-runtime/download/regenerator-runtime-0.10.5.tgz?cache=0&sync_timestamp=1626993001371&other_urls=https%3A%2F%2Fregistry.nlark.com%2Fregenerator-runtime%2Fdownload%2Fregenerator-runtime-0.10.5.tgz",
      "integrity": "sha1-M2w+/BIgrc7dosn6tntaeVWjNlg="
    },
    "restore-cursor": {
      "version": "2.0.0",
      "resolved": "https://registry.nlark.com/restore-cursor/download/restore-cursor-2.0.0.tgz?cache=0&sync_timestamp=1629746923086&other_urls=https%3A%2F%2Fregistry.nlark.com%2Frestore-cursor%2Fdownload%2Frestore-cursor-2.0.0.tgz",
      "integrity": "sha1-n37ih/gv0ybU/RYpI9YhKe7g368=",
      "requires": {
        "onetime": "^2.0.0",
        "signal-exit": "^3.0.2"
      }
    },
    "run-async": {
      "version": "2.4.1",
      "resolved": "https://registry.nlark.com/run-async/download/run-async-2.4.1.tgz",
      "integrity": "sha1-hEDsz5nqPnC9QJ1JqriOEMGJpFU="
    },
    "rx": {
      "version": "4.1.0",
      "resolved": "https://registry.nlark.com/rx/download/rx-4.1.0.tgz",
      "integrity": "sha1-pfE/957zt0D+MKqAP7CfmIBdR4I="
    },
    "safer-buffer": {
      "version": "2.1.2",
      "resolved": "https://registry.nlark.com/safer-buffer/download/safer-buffer-2.1.2.tgz",
      "integrity": "sha1-RPoWGwGHuVSd2Eu5GAL5vYOFzWo="
    },
    "signal-exit": {
      "version": "3.0.6",
      "resolved": "https://registry.npmmirror.com/signal-exit/download/signal-exit-3.0.6.tgz?cache=0&sync_timestamp=1637255687504&other_urls=https%3A%2F%2Fregistry.npmmirror.com%2Fsignal-exit%2Fdownload%2Fsignal-exit-3.0.6.tgz",
      "integrity": "sha512-sDl4qMFpijcGw22U5w63KmD3cZJfBuFlVNbVMKje2keoKML7X2UzWbc4XrmEbDwg0NXJc3yv4/ox7b+JWb57kQ=="
    },
    "string-width": {
      "version": "2.1.1",
      "resolved": "https://registry.npmmirror.com/string-width/download/string-width-2.1.1.tgz",
      "integrity": "sha1-q5Pyeo3BPSjKyBXEYhQ6bZASrp4=",
      "requires": {
        "is-fullwidth-code-point": "^2.0.0",
        "strip-ansi": "^4.0.0"
      },
      "dependencies": {
        "ansi-regex": {
          "version": "3.0.0",
          "resolved": "https://registry.nlark.com/ansi-regex/download/ansi-regex-3.0.0.tgz?cache=0&sync_timestamp=1631634988487&other_urls=https%3A%2F%2Fregistry.nlark.com%2Fansi-regex%2Fdownload%2Fansi-regex-3.0.0.tgz",
          "integrity": "sha1-7QMXwyIGT3lGbAKWa922Bas32Zg="
        },
        "strip-ansi": {
          "version": "4.0.0",
          "resolved": "https://registry.npmmirror.com/strip-ansi/download/strip-ansi-4.0.0.tgz?cache=0&sync_timestamp=1632432619223&other_urls=https%3A%2F%2Fregistry.npmmirror.com%2Fstrip-ansi%2Fdownload%2Fstrip-ansi-4.0.0.tgz",
          "integrity": "sha1-qEeQIusaw2iocTibY1JixQXuNo8=",
          "requires": {
            "ansi-regex": "^3.0.0"
          }
        }
      }
    },
    "strip-ansi": {
      "version": "3.0.1",
      "resolved": "https://registry.npmmirror.com/strip-ansi/download/strip-ansi-3.0.1.tgz?cache=0&sync_timestamp=1632432619223&other_urls=https%3A%2F%2Fregistry.npmmirror.com%2Fstrip-ansi%2Fdownload%2Fstrip-ansi-3.0.1.tgz",
      "integrity": "sha1-ajhfuIU9lS1f8F0Oiq+UJ43GPc8=",
      "requires": {
        "ansi-regex": "^2.0.0"
      }
    },
    "supports-color": {
      "version": "2.0.0",
      "resolved": "https://registry.npmmirror.com/supports-color/download/supports-color-2.0.0.tgz",
      "integrity": "sha1-U10EXOa2Nj+kARcIRimZXp3zJMc="
    },
    "through": {
      "version": "2.3.8",
      "resolved": "https://registry.nlark.com/through/download/through-2.3.8.tgz",
      "integrity": "sha1-DdTJ/6q8NXlgsbckEV1+Doai4fU="
    },
    "tmp": {
      "version": "0.0.33",
      "resolved": "https://registry.nlark.com/tmp/download/tmp-0.0.33.tgz",
      "integrity": "sha1-bTQzWIl2jSGyvNoKonfO07G/rfk=",
      "requires": {
        "os-tmpdir": "~1.0.2"
      }
    }
  }
}
